<?xml version="1.0" encoding="utf-8"?>
<Project ToolsVersion="4.0" xmlns="http://schemas.microsoft.com/developer/msbuild/2003">
  <ItemGroup>
    <Filter Include="Source Files">
      <UniqueIdentifier>{4FC737F1-C7A5-4376-A066-2A32D752A2FF}</UniqueIdentifier>
      <Extensions>cpp;c;cc;cxx;def;odl;idl;hpj;bat;asm;asmx</Extensions>
    </Filter>
    <Filter Include="Header Files">
      <UniqueIdentifier>{93995380-89BD-4b04-88EB-625FBE52EBFB}</UniqueIdentifier>
      <Extensions>h;hpp;hxx;hm;inl;inc;xsd</Extensions>
    </Filter>
    <Filter Include="Resource Files">
      <UniqueIdentifier>{67DA6AB6-F800-4c08-8B7A-83BB121AAD01}</UniqueIdentifier>
      <Extensions>rc;ico;cur;bmp;dlg;rc2;rct;bin;rgs;gif;jpg;jpeg;jpe;resx;tiff;tif;png;wav;mfcribbon-ms</Extensions>
    </Filter>
  </ItemGroup>
  <ItemGroup>
    <ClCompile Include="main.cpp">
      <Filter>Source Files</Filter>
    </ClCompile>
    <ClCompile Include="vect.cpp">
      <Filter>Source Files</Filter>
    </ClCompile>
    <ClCompile Include="timer.cpp">
      <Filter>Source Files</Filter>
    </ClCompile>
    <ClCompile Include="load_obj_tris.cpp">
      <Filter>Source Files</Filter>
    </ClCompile>
    <ClCompile Include="mmap_file.cpp">
      <Filter>Source Files</Filter>
    </ClCompile>
    <ClCompile Include="global.cpp">
      <Filter>Source Files</Filter>
    </ClCompile>
    <ClCompile Include="mesh_charts.cpp">
      <Filter>Source Files</Filter>
    </ClCompile>
    <ClCompile Include="ParamMethod.cpp">
      <Filter>Source Files</Filter>
    </ClCompile>
    <ClCompile Include="JasonFull.cpp">
      <Filter>Source Files</Filter>
    </ClCompile>
    <ClCompile Include="BarrierMethod.cpp">
      <Filter>Source Files</Filter>
    </ClCompile>
    <ClCompile Include="eval_functions.cpp">
      <Filter>Source Files</Filter>
    </ClCompile>
    <ClCompile Include="lbfgs.cpp">
      <Filter>Source Files</Filter>
    </ClCompile>
    <ClCompile Include="HalfEdgeMesh.cpp">
      <Filter>Source Files</Filter>
    </ClCompile>
    <ClCompile Include="multires.cpp">
      <Filter>Source Files</Filter>
    </ClCompile>
    <ClCompile Include="QEF.cpp">
      <Filter>Source Files</Filter>
    </ClCompile>
    <ClCompile Include="eval_hessian.cpp">
      <Filter>Source Files</Filter>
    </ClCompile>
    <ClCompile Include="iso_pre.cpp">
      <Filter>Source Files</Filter>
    </ClCompile>
    <ClCompile Include="tuttes_halfmesh.cpp">
      <Filter>Source Files</Filter>
    </ClCompile>
  </ItemGroup>
  <ItemGroup>
    <ClInclude Include="global.h">
      <Filter>Header Files</Filter>
    </ClInclude>
    <ClInclude Include="PointGrid.h">
      <Filter>Header Files</Filter>
    </ClInclude>
    <ClInclude Include="ResizeArray.h">
      <Filter>Header Files</Filter>
    </ClInclude>
    <ClInclude Include="obj_data.h">
      <Filter>Header Files</Filter>
    </ClInclude>
    <ClInclude Include="array.h">
      <Filter>Header Files</Filter>
    </ClInclude>
    <ClInclude Include="vect.h">
      <Filter>Header Files</Filter>
    </ClInclude>
    <ClInclude Include="timer.h">
      <Filter>Header Files</Filter>
    </ClInclude>
    <ClInclude Include="def_common.h">
      <Filter>Header Files</Filter>
    </ClInclude>
    <ClInclude Include="mmap_file.h">
      <Filter>Header Files</Filter>
    </ClInclude>
    <ClInclude Include="mesh_charts.h">
      <Filter>Header Files</Filter>
    </ClInclude>
    <ClInclude Include="ParamMethod.h">
      <Filter>Header Files</Filter>
    </ClInclude>
    <ClInclude Include="JasonFull.h">
      <Filter>Header Files</Filter>
    </ClInclude>
    <ClInclude Include="BarrierMethod.h">
      <Filter>Header Files</Filter>
    </ClInclude>
    <ClInclude Include="lbfgs.h">
      <Filter>Header Files</Filter>
    </ClInclude>
    <ClInclude Include="arithmetic_sse_double.h">
      <Filter>Header Files</Filter>
    </ClInclude>
    <ClInclude Include="arithmetic_sse_float.h">
      <Filter>Header Files</Filter>
    </ClInclude>
    <ClInclude Include="BoundingBox2.h">
      <Filter>Header Files</Filter>
    </ClInclude>
    <ClInclude Include="IntervalTree3.h">
      <Filter>Header Files</Filter>
    </ClInclude>
    <ClInclude Include="eval_functions.h">
      <Filter>Header Files</Filter>
    </ClInclude>
    <ClInclude Include="LList.h">
      <Filter>Header Files</Filter>
    </ClInclude>
    <ClInclude Include="Matrix.h">
      <Filter>Header Files</Filter>
    </ClInclude>
    <ClInclude Include="SparseMatrix.h">
      <Filter>Header Files</Filter>
    </ClInclude>
    <ClInclude Include="HalfEdge.h">
      <Filter>Header Files</Filter>
    </ClInclude>
    <ClInclude Include="JasonSingle.h">
      <Filter>Header Files</Filter>
    </ClInclude>
    <ClInclude Include="QEF.h">
      <Filter>Header Files</Filter>
    </ClInclude>
    <ClInclude Include="TrackingHeap.h">
      <Filter>Header Files</Filter>
    </ClInclude>
    <ClInclude Include="AdaptiveArray.h">
      <Filter>Header Files</Filter>
    </ClInclude>
    <ClInclude Include="iso_pre.h">
      <Filter>Header Files</Filter>
    </ClInclude>
  </ItemGroup>
</Project>